lockfileVersion: 5.3

specifiers:
  '@supabase/supabase-js': ^1.22.6
  axios: ^0.21.4
  dotenv: ^10.0.0
  luxon: ^2.0.2
  mastercard-oauth1-signer: ^1.1.5
  node-forge: ^0.10.0
  qs: ^6.10.1

dependencies:
  '@supabase/supabase-js': 1.28.2
  axios: 0.21.4
  dotenv: 10.0.0
  luxon: 2.1.1
  mastercard-oauth1-signer: 1.1.5
  qs: 6.10.1

devDependencies:
  node-forge: 0.10.0

packages:

  /@supabase/gotrue-js/1.21.7:
    resolution: {integrity: sha512-YnL4cO3Q+ugatWEtgCEnLt+Wwi0VpOVTPSSjSSUho2x3cH7+juRBTrVbYky/W6YVgAw/ZJrVUFPh/NcUCUhdmw==}
    dependencies:
      cross-fetch: 3.1.4
    dev: false

  /@supabase/postgrest-js/0.35.0:
    resolution: {integrity: sha512-z+XKJ2oXuGEAEBVXseeQUXaM3ekQZK4XF0Kc399Glyg+rZaBTwNeJtY+Q/23NcIE5uNMYbTnEXm80jZbLBnWdw==}
    dependencies:
      cross-fetch: 3.1.4
    dev: false

  /@supabase/realtime-js/1.3.2:
    resolution: {integrity: sha512-6U/2Ct0J8z9PIea5gOuTeGjMCwhZWL34hznwUaTjgDOkqKVheTKtvyrbTLJi04yXP4SLIVxju6egjOlA5cI0HQ==}
    dependencies:
      '@types/websocket': 1.0.4
      websocket: 1.0.34
    dev: false

  /@supabase/storage-js/1.5.0:
    resolution: {integrity: sha512-ki2HT9FrCYRN3yoqWqX+u47TUHQ8lgSStAqV/97kMov1z2d+iIlqGBGVcaGDqq4NvK8CipG8IJARYM72oX+afA==}
    dependencies:
      cross-fetch: 3.1.4
    dev: false

  /@supabase/supabase-js/1.28.2:
    resolution: {integrity: sha512-QJmnBV6iNcWJ2UI56KjUEXlZrcKlNXSaJBgXdq6Cl+CcyVSBv9Y+UbgqVWUMsuzu2HDD73aiYvO8FU1QLsmqZg==}
    dependencies:
      '@supabase/gotrue-js': 1.21.7
      '@supabase/postgrest-js': 0.35.0
      '@supabase/realtime-js': 1.3.2
      '@supabase/storage-js': 1.5.0
    dev: false

  /@types/node/16.11.11:
    resolution: {integrity: sha512-KB0sixD67CeecHC33MYn+eYARkqTheIRNuu97y2XMjR7Wu3XibO1vaY6VBV6O/a89SPI81cEUIYT87UqUWlZNw==}
    dev: false

  /@types/websocket/1.0.4:
    resolution: {integrity: sha512-qn1LkcFEKK8RPp459jkjzsfpbsx36BBt3oC3pITYtkoBw/aVX+EZFa5j3ThCRTNpLFvIMr5dSTD4RaMdilIOpA==}
    dependencies:
      '@types/node': 16.11.11
    dev: false

  /axios/0.21.4:
    resolution: {integrity: sha512-ut5vewkiu8jjGBdqpM44XxjuCjq9LAKeHVmoVfHVzy8eHgxxq8SbAVQNovDA8mVi05kP0Ea/n/UzcSHcTJQfNg==}
    dependencies:
      follow-redirects: 1.14.5
    transitivePeerDependencies:
      - debug
    dev: false

  /bufferutil/4.0.5:
    resolution: {integrity: sha512-HTm14iMQKK2FjFLRTM5lAVcyaUzOnqbPtesFIvREgXpJHdQm8bWS+GkQgIkfaBYRHuCnea7w8UVNfwiAQhlr9A==}
    engines: {node: '>=6.14.2'}
    requiresBuild: true
    dependencies:
      node-gyp-build: 4.3.0
    dev: false

  /call-bind/1.0.2:
    resolution: {integrity: sha512-7O+FbCihrB5WGbFYesctwmTKae6rOiIzmz1icreWJ+0aA7LJfuqhEso2T9ncpcFtzMQtzXf2QGGueWJGTYsqrA==}
    dependencies:
      function-bind: 1.1.1
      get-intrinsic: 1.1.1
    dev: false

  /cross-fetch/3.1.4:
    resolution: {integrity: sha512-1eAtFWdIubi6T4XPy6ei9iUFoKpUkIF971QLN8lIvvvwueI65+Nw5haMNKUwfJxabqlIIDODJKGrQ66gxC0PbQ==}
    dependencies:
      node-fetch: 2.6.1
    dev: false

  /d/1.0.1:
    resolution: {integrity: sha512-m62ShEObQ39CfralilEQRjH6oAMtNCV1xJyEx5LpRYUVN+EviphDgUc/F3hnYbADmkiNs67Y+3ylmlG7Lnu+FA==}
    dependencies:
      es5-ext: 0.10.53
      type: 1.2.0
    dev: false

  /debug/2.6.9:
    resolution: {integrity: sha512-bC7ElrdJaJnPbAP+1EotYvqZsb3ecl5wi6Bfi6BJTUcNowp6cvspg0jXznRTKDjm/E7AdgFBVeAPVMNcKGsHMA==}
    dependencies:
      ms: 2.0.0
    dev: false

  /dotenv/10.0.0:
    resolution: {integrity: sha512-rlBi9d8jpv9Sf1klPjNfFAuWDjKLwTIJJ/VxtoTwIR6hnZxcEOQCZg2oIL3MWBYw5GpUDKOEnND7LXTbIpQ03Q==}
    engines: {node: '>=10'}
    dev: false

  /es5-ext/0.10.53:
    resolution: {integrity: sha512-Xs2Stw6NiNHWypzRTY1MtaG/uJlwCk8kH81920ma8mvN8Xq1gsfhZvpkImLQArw8AHnv8MT2I45J3c0R8slE+Q==}
    dependencies:
      es6-iterator: 2.0.3
      es6-symbol: 3.1.3
      next-tick: 1.0.0
    dev: false

  /es6-iterator/2.0.3:
    resolution: {integrity: sha1-p96IkUGgWpSwhUQDstCg+/qY87c=}
    dependencies:
      d: 1.0.1
      es5-ext: 0.10.53
      es6-symbol: 3.1.3
    dev: false

  /es6-symbol/3.1.3:
    resolution: {integrity: sha512-NJ6Yn3FuDinBaBRWl/q5X/s4koRHBrgKAu+yGI6JCBeiu3qrcbJhwT2GeR/EXVfylRk8dpQVJoLEFhK+Mu31NA==}
    dependencies:
      d: 1.0.1
      ext: 1.6.0
    dev: false

  /ext/1.6.0:
    resolution: {integrity: sha512-sdBImtzkq2HpkdRLtlLWDa6w4DX22ijZLKx8BMPUuKe1c5lbN6xwQDQCxSfxBQnHZ13ls/FH0MQZx/q/gr6FQg==}
    dependencies:
      type: 2.5.0
    dev: false

  /follow-redirects/1.14.5:
    resolution: {integrity: sha512-wtphSXy7d4/OR+MvIFbCVBDzZ5520qV8XfPklSN5QtxuMUJZ+b0Wnst1e1lCDocfzuCkHqj8k0FpZqO+UIaKNA==}
    engines: {node: '>=4.0'}
    peerDependencies:
      debug: '*'
    peerDependenciesMeta:
      debug:
        optional: true
    dev: false

  /function-bind/1.1.1:
    resolution: {integrity: sha512-yIovAzMX49sF8Yl58fSCWJ5svSLuaibPxXQJFLmBObTuCr0Mf1KiPopGM9NiFjiYBCbfaa2Fh6breQ6ANVTI0A==}
    dev: false

  /get-intrinsic/1.1.1:
    resolution: {integrity: sha512-kWZrnVM42QCiEA2Ig1bG8zjoIMOgxWwYCEeNdwY6Tv/cOSeGpcoX4pXHfKUxNKVoArnrEr2e9srnAxxGIraS9Q==}
    dependencies:
      function-bind: 1.1.1
      has: 1.0.3
      has-symbols: 1.0.2
    dev: false

  /has-symbols/1.0.2:
    resolution: {integrity: sha512-chXa79rL/UC2KlX17jo3vRGz0azaWEx5tGqZg5pO3NUyEJVB17dMruQlzCCOfUvElghKcm5194+BCRvi2Rv/Gw==}
    engines: {node: '>= 0.4'}
    dev: false

  /has/1.0.3:
    resolution: {integrity: sha512-f2dvO0VU6Oej7RkWJGrehjbzMAjFp5/VKPp5tTpWIV4JHHZK1/BxbFRtf/siA2SWTe09caDmVtYYzWEIbBS4zw==}
    engines: {node: '>= 0.4.0'}
    dependencies:
      function-bind: 1.1.1
    dev: false

  /is-typedarray/1.0.0:
    resolution: {integrity: sha1-5HnICFjfDBsR3dppQPlgEfzaSpo=}
    dev: false

  /luxon/2.1.1:
    resolution: {integrity: sha512-6VQVNw7+kQu3hL1ZH5GyOhnk8uZm21xS7XJ/6vDZaFNcb62dpFDKcH8TI5NkoZOdMRxr7af7aYGrJlE/Wv0i1w==}
    engines: {node: '>=12'}
    dev: false

  /mastercard-oauth1-signer/1.1.5:
    resolution: {integrity: sha512-UmfWJlrJg58udQxCVzlq3ixVBX4h4Kh2lBN8TpSRLb7QqGnBUSsM7qX6hMB7iChScSEYHsG7eO3pBtlXjZj62w==}
    dev: false

  /ms/2.0.0:
    resolution: {integrity: sha1-VgiurfwAvmwpAd9fmGF4jeDVl8g=}
    dev: false

  /next-tick/1.0.0:
    resolution: {integrity: sha1-yobR/ogoFpsBICCOPchCS524NCw=}
    dev: false

  /node-fetch/2.6.1:
    resolution: {integrity: sha512-V4aYg89jEoVRxRb2fJdAg8FHvI7cEyYdVAh94HH0UIK8oJxUfkjlDQN9RbMx+bEjP7+ggMiFRprSti032Oipxw==}
    engines: {node: 4.x || >=6.0.0}
    dev: false

  /node-forge/0.10.0:
    resolution: {integrity: sha512-PPmu8eEeG9saEUvI97fm4OYxXVB6bFvyNTyiUOBichBpFG8A1Ljw3bY62+5oOjDEMHRnd0Y7HQ+x7uzxOzC6JA==}
    engines: {node: '>= 6.0.0'}
    dev: true

  /node-gyp-build/4.3.0:
    resolution: {integrity: sha512-iWjXZvmboq0ja1pUGULQBexmxq8CV4xBhX7VDOTbL7ZR4FOowwY/VOtRxBN/yKxmdGoIp4j5ysNT4u3S2pDQ3Q==}
    hasBin: true
    dev: false

  /object-inspect/1.11.0:
    resolution: {integrity: sha512-jp7ikS6Sd3GxQfZJPyH3cjcbJF6GZPClgdV+EFygjFLQ5FmW/dRUnTd9PQ9k0JhoNDabWFbpF1yCdSWCC6gexg==}
    dev: false

  /qs/6.10.1:
    resolution: {integrity: sha512-M528Hph6wsSVOBiYUnGf+K/7w0hNshs/duGsNXPUCLH5XAqjEtiPGwNONLV0tBH8NoGb0mvD5JubnUTrujKDTg==}
    engines: {node: '>=0.6'}
    dependencies:
      side-channel: 1.0.4
    dev: false

  /side-channel/1.0.4:
    resolution: {integrity: sha512-q5XPytqFEIKHkGdiMIrY10mvLRvnQh42/+GoBlFW3b2LXLE2xxJpZFdm94we0BaoV3RwJyGqg5wS7epxTv0Zvw==}
    dependencies:
      call-bind: 1.0.2
      get-intrinsic: 1.1.1
      object-inspect: 1.11.0
    dev: false

  /type/1.2.0:
    resolution: {integrity: sha512-+5nt5AAniqsCnu2cEQQdpzCAh33kVx8n0VoFidKpB1dVVLAN/F+bgVOqOJqOnEnrhp222clB5p3vUlD+1QAnfg==}
    dev: false

  /type/2.5.0:
    resolution: {integrity: sha512-180WMDQaIMm3+7hGXWf12GtdniDEy7nYcyFMKJn/eZz/6tSLXrUN9V0wKSbMjej0I1WHWbpREDEKHtqPQa9NNw==}
    dev: false

  /typedarray-to-buffer/3.1.5:
    resolution: {integrity: sha512-zdu8XMNEDepKKR+XYOXAVPtWui0ly0NtohUscw+UmaHiAWT8hrV1rr//H6V+0DvJ3OQ19S979M0laLfX8rm82Q==}
    dependencies:
      is-typedarray: 1.0.0
    dev: false

  /utf-8-validate/5.0.7:
    resolution: {integrity: sha512-vLt1O5Pp+flcArHGIyKEQq883nBt8nN8tVBcoL0qUXj2XT1n7p70yGIq2VK98I5FdZ1YHc0wk/koOnHjnXWk1Q==}
    engines: {node: '>=6.14.2'}
    requiresBuild: true
    dependencies:
      node-gyp-build: 4.3.0
    dev: false

  /websocket/1.0.34:
    resolution: {integrity: sha512-PRDso2sGwF6kM75QykIesBijKSVceR6jL2G8NGYyq2XrItNC2P5/qL5XeR056GhA+Ly7JMFvJb9I312mJfmqnQ==}
    engines: {node: '>=4.0.0'}
    dependencies:
      bufferutil: 4.0.5
      debug: 2.6.9
      es5-ext: 0.10.53
      typedarray-to-buffer: 3.1.5
      utf-8-validate: 5.0.7
      yaeti: 0.0.6
    dev: false

  /yaeti/0.0.6:
    resolution: {integrity: sha1-8m9ITXJoTPQr7ft2lwqhYI+/lXc=}
    engines: {node: '>=0.10.32'}
    dev: false
